// !$*UTF8*$!
{
	archiveVersion = 1;
	classes = {
	};
	objectVersion = 51;
	objects = {

/* Begin PBXBuildFile section */
		001F3396B104BF2702DBF781D489F7C5 /* CurryTests.swift in Sources */ = {isa = PBXBuildFile; fileRef = 34A7F4AFACC40C18C2448CF212C733D3 /* CurryTests.swift */; };
		0409352AD8BB514115A8C60938C82745 /* Optional.swift in Sources */ = {isa = PBXBuildFile; fileRef = AFECE5EF0A8E8FCD025E8D0089CDC882 /* Optional.swift */; };
		0642C01F381B66CBB4669D902723BF5F /* ConcatTests.swift in Sources */ = {isa = PBXBuildFile; fileRef = FB40D88FBAA126DD9F00E79696700EC5 /* ConcatTests.swift */; };
		06DE47629EECF63E6DEC0D6CAF13D994 /* Combining.swift in Sources */ = {isa = PBXBuildFile; fileRef = A97876B2169C15EC9E8FFD283E87FDC6 /* Combining.swift */; };
		076A9BD3C57576FA9112724D22D5270B /* Combining.swift in Sources */ = {isa = PBXBuildFile; fileRef = A97876B2169C15EC9E8FFD283E87FDC6 /* Combining.swift */; };
		080313085695A426F12510BB357A2C65 /* KeyPath.swift in Sources */ = {isa = PBXBuildFile; fileRef = F47732D91BE055254D925FF1F2C1E22A /* KeyPath.swift */; };
		0848D39EF8F984A2833613F09427D761 /* Result.swift in Sources */ = {isa = PBXBuildFile; fileRef = F91791C27227928071438D2A51AF299B /* Result.swift */; };
		0BB1EBC78C02944ED43101B4CF3A2738 /* ZipTests.swift in Sources */ = {isa = PBXBuildFile; fileRef = 5204252DDDD513BECFC712F2D09EEB03 /* ZipTests.swift */; };
		0EE9065DA8A609076E05AC14DF5F2A64 /* Optional.swift in Sources */ = {isa = PBXBuildFile; fileRef = AFECE5EF0A8E8FCD025E8D0089CDC882 /* Optional.swift */; };
		107C891600865FF96DBE393412D3ABD5 /* Compose.swift in Sources */ = {isa = PBXBuildFile; fileRef = 7B08B278D1B3FD676BFF193C27A0D79E /* Compose.swift */; };
		11B22B559AAB82DBC744C0E83DA69D68 /* Setters.swift in Sources */ = {isa = PBXBuildFile; fileRef = 2DFD6736C2117E0882A8562EB492A645 /* Setters.swift */; };
		1287B9450D4CDE3D1A32A5A01DCBA78B /* Compose.swift in Sources */ = {isa = PBXBuildFile; fileRef = 7B08B278D1B3FD676BFF193C27A0D79E /* Compose.swift */; };
		13001C781BA6592970AD06146A75B6DB /* Update.swift in Sources */ = {isa = PBXBuildFile; fileRef = 46ABA68CE0EC631B446182A529B5D45A /* Update.swift */; };
		146BB17BA51BEE1761DBB2C738F5D23D /* SettersTests.swift in Sources */ = {isa = PBXBuildFile; fileRef = 1EA7EBE545481EE4F89D536576AD97BA /* SettersTests.swift */; };
		15C2F56220C4DB411F1FBE28685D2457 /* Concat.swift in Sources */ = {isa = PBXBuildFile; fileRef = A0D090CCB03D0CF89F691A3BD80C2585 /* Concat.swift */; };
		18AFBCEF8AAF2BBAE9A6F1FC78A91DCA /* Overture.framework in Frameworks */ = {isa = PBXBuildFile; fileRef = 3DAB21E096E7BD1D45A4C0F137322BFF /* Overture.framework */; };
		1A788B5CB236F31F79E1A6B168D32880 /* Zurry.swift in Sources */ = {isa = PBXBuildFile; fileRef = 1B24FFD88524A68CB9897317AC19C4FB /* Zurry.swift */; };
		2573EEFEFDFE02C3D03299F835328A6C /* Concat.swift in Sources */ = {isa = PBXBuildFile; fileRef = A0D090CCB03D0CF89F691A3BD80C2585 /* Concat.swift */; };
		2584827102FD30AD7A9600A42AAA7584 /* ComposeTests.swift in Sources */ = {isa = PBXBuildFile; fileRef = 57C2A8ED5445BAC81BB007C22B9AA01B /* ComposeTests.swift */; };
		2B147CFF8794F0F483A3791DB3118580 /* Result.swift in Sources */ = {isa = PBXBuildFile; fileRef = F91791C27227928071438D2A51AF299B /* Result.swift */; };
		2BF95A77043702E566D1D0596EDEFB95 /* Pipe.swift in Sources */ = {isa = PBXBuildFile; fileRef = F01BB18FF8A6F1EE602AFC79779E3507 /* Pipe.swift */; };
		3235441DEEC5CE0DD0796F8D2383B22C /* ZipOptional.swift in Sources */ = {isa = PBXBuildFile; fileRef = 04FF47502A293AC317E475AA2235CBAF /* ZipOptional.swift */; };
		335252B84189FF6A8B7D2FEF62FA7F1D /* KeyPathTests.swift in Sources */ = {isa = PBXBuildFile; fileRef = 201D646A61FFC0338C9735111E4740D7 /* KeyPathTests.swift */; };
		36BFD18F77E3BD1734F58B582E47B332 /* Chain.swift in Sources */ = {isa = PBXBuildFile; fileRef = D97BF073ECE738E187EE66178549C36A /* Chain.swift */; };
		39A2FF6C060831A2B7DB6B0B680F2D5C /* Optional.swift in Sources */ = {isa = PBXBuildFile; fileRef = AFECE5EF0A8E8FCD025E8D0089CDC882 /* Optional.swift */; };
		3C2AA341B47C680902A4D9EA33662E08 /* ZipOptional.swift in Sources */ = {isa = PBXBuildFile; fileRef = 04FF47502A293AC317E475AA2235CBAF /* ZipOptional.swift */; };
		3CD1B7128A88694504B5573963509BD9 /* Curry.swift in Sources */ = {isa = PBXBuildFile; fileRef = 8EA94F97250242D8DFDCBC9A57AAE72F /* Curry.swift */; };
		3DA5A0D52BCEA1D98E60E1B79F7657B7 /* SettersTests.swift in Sources */ = {isa = PBXBuildFile; fileRef = 1EA7EBE545481EE4F89D536576AD97BA /* SettersTests.swift */; };
		410160D08F01372B322767EEFAD782D8 /* Chain.swift in Sources */ = {isa = PBXBuildFile; fileRef = D97BF073ECE738E187EE66178549C36A /* Chain.swift */; };
		416EE14184CE55BCE0DAF64AD364F383 /* Zurry.swift in Sources */ = {isa = PBXBuildFile; fileRef = 1B24FFD88524A68CB9897317AC19C4FB /* Zurry.swift */; };
		436F0B0ECB9F450C8C0A4BB9CC2B8FE9 /* Curry.swift in Sources */ = {isa = PBXBuildFile; fileRef = 8EA94F97250242D8DFDCBC9A57AAE72F /* Curry.swift */; };
		43A11F7A1B4326AF4004893A57850040 /* Compose.swift in Sources */ = {isa = PBXBuildFile; fileRef = 7B08B278D1B3FD676BFF193C27A0D79E /* Compose.swift */; };
		46FA836E1EEE7A4941952D6C03B548FD /* Sequence.swift in Sources */ = {isa = PBXBuildFile; fileRef = EE3EB2C9AD5D65B3DF2E6C356598EC91 /* Sequence.swift */; };
		470119044B7454EA3BCCB5E4B5C82998 /* Uncurry.swift in Sources */ = {isa = PBXBuildFile; fileRef = 4650006197ED27DA2BC9B0C22D6B88F2 /* Uncurry.swift */; };
		47FFECD33F68567D2A1B506A8D9A1191 /* Flip.swift in Sources */ = {isa = PBXBuildFile; fileRef = A81D3FAFA02E6A888345E85CAC6AA040 /* Flip.swift */; };
		496FEB26BCD37403E92CEB1BF05D4DC8 /* Update.swift in Sources */ = {isa = PBXBuildFile; fileRef = 46ABA68CE0EC631B446182A529B5D45A /* Update.swift */; };
		4B5FA71536D98827F8434A1FD8440AF2 /* Pipe.swift in Sources */ = {isa = PBXBuildFile; fileRef = F01BB18FF8A6F1EE602AFC79779E3507 /* Pipe.swift */; };
		4C4DBA5B2C8F447CE75306F52B82BEF0 /* Concat.swift in Sources */ = {isa = PBXBuildFile; fileRef = A0D090CCB03D0CF89F691A3BD80C2585 /* Concat.swift */; };
		4E3805061EE63C0E06903677329DBE90 /* ChainTests.swift in Sources */ = {isa = PBXBuildFile; fileRef = B6F045FBF9701658818BFB0FEB227702 /* ChainTests.swift */; };
		51E7B97CF3D70E8F380847AC25D10724 /* KeyPath.swift in Sources */ = {isa = PBXBuildFile; fileRef = F47732D91BE055254D925FF1F2C1E22A /* KeyPath.swift */; };
		55CE50EF27C9943D253DF7C2CE197A54 /* WithTests.swift in Sources */ = {isa = PBXBuildFile; fileRef = AD222BF13D8B21E34284B1EF4A8DE9BC /* WithTests.swift */; };
		56FAECD100E201D6C577196F79FA5F1D /* FlipTests.swift in Sources */ = {isa = PBXBuildFile; fileRef = B053E123334CFD3F7CDD749299AB1037 /* FlipTests.swift */; };
		5B983326EAFB3ACD23EDB75D759B6136 /* Curry.swift in Sources */ = {isa = PBXBuildFile; fileRef = 8EA94F97250242D8DFDCBC9A57AAE72F /* Curry.swift */; };
		5BF99D80162BCF75F326D2A7110AB78D /* Uncurry.swift in Sources */ = {isa = PBXBuildFile; fileRef = 4650006197ED27DA2BC9B0C22D6B88F2 /* Uncurry.swift */; };
		5C47DCBBA2291B86B5A53DB3967BBDB9 /* Overture.framework in Embed Frameworks */ = {isa = PBXBuildFile; fileRef = 3DAB21E096E7BD1D45A4C0F137322BFF /* Overture.framework */; settings = {ATTRIBUTES = (CodeSignOnCopy, RemoveHeadersOnCopy, ); }; };
		61474BADF6B660F819DC22624EB75269 /* PipeTests.swift in Sources */ = {isa = PBXBuildFile; fileRef = D343175C20AB7FDC34E806713E4CF2A0 /* PipeTests.swift */; };
		61FBAB40E124E2B55B54A7DB6B6753FD /* KeyPathTests.swift in Sources */ = {isa = PBXBuildFile; fileRef = 201D646A61FFC0338C9735111E4740D7 /* KeyPathTests.swift */; };
		63EBE085108B0BFB19163A86BE066CAA /* PipeTests.swift in Sources */ = {isa = PBXBuildFile; fileRef = D343175C20AB7FDC34E806713E4CF2A0 /* PipeTests.swift */; };
		69EB1EDEB5D2B358781FF922F98E50BF /* Curry.swift in Sources */ = {isa = PBXBuildFile; fileRef = 8EA94F97250242D8DFDCBC9A57AAE72F /* Curry.swift */; };
		6A49C5899BD6161B859EC918C1B3DB9C /* Zurry.swift in Sources */ = {isa = PBXBuildFile; fileRef = 1B24FFD88524A68CB9897317AC19C4FB /* Zurry.swift */; };
		6AE1E6B8888FC6D95539785674E8ED7A /* Flip.swift in Sources */ = {isa = PBXBuildFile; fileRef = A81D3FAFA02E6A888345E85CAC6AA040 /* Flip.swift */; };
		6B5BF089FF419D999B09DADA4B90F019 /* Setters.swift in Sources */ = {isa = PBXBuildFile; fileRef = 2DFD6736C2117E0882A8562EB492A645 /* Setters.swift */; };
		6EBD0C9EBF49E00B67221787356154C7 /* With.swift in Sources */ = {isa = PBXBuildFile; fileRef = 084E843E081D5F78523FA418D6131714 /* With.swift */; };
		7186BB57D5AAA941156C7BD31E9CDF90 /* Chain.swift in Sources */ = {isa = PBXBuildFile; fileRef = D97BF073ECE738E187EE66178549C36A /* Chain.swift */; };
		724DA437EBF4477CFE65CA256AF693B1 /* ZipResult.swift in Sources */ = {isa = PBXBuildFile; fileRef = C51520C96F4E09968372112021B06EE2 /* ZipResult.swift */; };
		729AA574993C1CDF2A4DDF037C78F476 /* Result.swift in Sources */ = {isa = PBXBuildFile; fileRef = F91791C27227928071438D2A51AF299B /* Result.swift */; };
		7361B923155BA57151619BEF50008C8C /* With.swift in Sources */ = {isa = PBXBuildFile; fileRef = 084E843E081D5F78523FA418D6131714 /* With.swift */; };
		7483DBE4032DABA589DD13D878569288 /* Update.swift in Sources */ = {isa = PBXBuildFile; fileRef = 46ABA68CE0EC631B446182A529B5D45A /* Update.swift */; };
		765767DFF812C3DFB66EB62C49440CD3 /* Result.swift in Sources */ = {isa = PBXBuildFile; fileRef = F91791C27227928071438D2A51AF299B /* Result.swift */; };
		7937075297A0AD79943CCE04CDC89D31 /* Pipe.swift in Sources */ = {isa = PBXBuildFile; fileRef = F01BB18FF8A6F1EE602AFC79779E3507 /* Pipe.swift */; };
		7BC4CE020BAFB8A31C115F4297888268 /* Flip.swift in Sources */ = {isa = PBXBuildFile; fileRef = A81D3FAFA02E6A888345E85CAC6AA040 /* Flip.swift */; };
		7C72901F10AFF5566E9EDEC43B0233D7 /* Flip.swift in Sources */ = {isa = PBXBuildFile; fileRef = A81D3FAFA02E6A888345E85CAC6AA040 /* Flip.swift */; };
		7F7C81A20138045793B87F6EB69FD0AA /* Overture.framework in Frameworks */ = {isa = PBXBuildFile; fileRef = 3F2AD3F9756AF72C38F41E38EB661C26 /* Overture.framework */; };
		81626D608656ABD84555DB58289D014F /* ZipTests.swift in Sources */ = {isa = PBXBuildFile; fileRef = 5204252DDDD513BECFC712F2D09EEB03 /* ZipTests.swift */; };
		832034B8A787CD5DDFE1811A2D477CD4 /* Sequence.swift in Sources */ = {isa = PBXBuildFile; fileRef = EE3EB2C9AD5D65B3DF2E6C356598EC91 /* Sequence.swift */; };
		848829408C941E8AEB3E3263570B7207 /* Compose.swift in Sources */ = {isa = PBXBuildFile; fileRef = 7B08B278D1B3FD676BFF193C27A0D79E /* Compose.swift */; };
		8A6E4075BAD88AD418037EC23B28B6D3 /* SettersTests.swift in Sources */ = {isa = PBXBuildFile; fileRef = 1EA7EBE545481EE4F89D536576AD97BA /* SettersTests.swift */; };
		8AEF80A1B5F8C6FC5A4A649F878F2A50 /* SettersTests.swift in Sources */ = {isa = PBXBuildFile; fileRef = 1EA7EBE545481EE4F89D536576AD97BA /* SettersTests.swift */; };
		8B8412AF2AA936B2C42A18B66E078E36 /* PipeTests.swift in Sources */ = {isa = PBXBuildFile; fileRef = D343175C20AB7FDC34E806713E4CF2A0 /* PipeTests.swift */; };
		9248ADC5C747D6616B1CCD74BFB3353C /* ComposeTests.swift in Sources */ = {isa = PBXBuildFile; fileRef = 57C2A8ED5445BAC81BB007C22B9AA01B /* ComposeTests.swift */; };
		9290FC9E5A0990D7F39CF5CA20174A8E /* Uncurry.swift in Sources */ = {isa = PBXBuildFile; fileRef = 4650006197ED27DA2BC9B0C22D6B88F2 /* Uncurry.swift */; };
		92F07591B14D93DD393625AC92148CB8 /* Uncurry.swift in Sources */ = {isa = PBXBuildFile; fileRef = 4650006197ED27DA2BC9B0C22D6B88F2 /* Uncurry.swift */; };
		943AB10B901246B33C39A077FED467C0 /* ConcatTests.swift in Sources */ = {isa = PBXBuildFile; fileRef = FB40D88FBAA126DD9F00E79696700EC5 /* ConcatTests.swift */; };
		995258C292C2DC6D97A5F0A9827798B8 /* CurryTests.swift in Sources */ = {isa = PBXBuildFile; fileRef = 34A7F4AFACC40C18C2448CF212C733D3 /* CurryTests.swift */; };
		99E025EB29ECA238E6EAB0FBD40651DB /* UncurryTests.swift in Sources */ = {isa = PBXBuildFile; fileRef = 1B76A26D46C8B5275228859A0DC45198 /* UncurryTests.swift */; };
		9A17BBDFB4E9C2BD1D24311A4789D419 /* ConcatTests.swift in Sources */ = {isa = PBXBuildFile; fileRef = FB40D88FBAA126DD9F00E79696700EC5 /* ConcatTests.swift */; };
		9E60CD9E9F2B29E484D6340440EAAF05 /* ZipTests.swift in Sources */ = {isa = PBXBuildFile; fileRef = 5204252DDDD513BECFC712F2D09EEB03 /* ZipTests.swift */; };
		A14893BF87AAED7A00A0E77B86CE05E5 /* Sequence.swift in Sources */ = {isa = PBXBuildFile; fileRef = EE3EB2C9AD5D65B3DF2E6C356598EC91 /* Sequence.swift */; };
		A179A3754879D45FB9291A9A5596F94E /* ChainTests.swift in Sources */ = {isa = PBXBuildFile; fileRef = B6F045FBF9701658818BFB0FEB227702 /* ChainTests.swift */; };
		A1F22F4D635757EAB34C129F4B6C37C8 /* ChainTests.swift in Sources */ = {isa = PBXBuildFile; fileRef = B6F045FBF9701658818BFB0FEB227702 /* ChainTests.swift */; };
		A2A3AA5A0E05B28B84151A09DF15BC30 /* Chain.swift in Sources */ = {isa = PBXBuildFile; fileRef = D97BF073ECE738E187EE66178549C36A /* Chain.swift */; };
		A2CFD7BB71129DDD4D76285499E16BF4 /* ZipResult.swift in Sources */ = {isa = PBXBuildFile; fileRef = C51520C96F4E09968372112021B06EE2 /* ZipResult.swift */; };
		A2EE8565D1D7133AC0CAFF50CB4C5C78 /* KeyPath.swift in Sources */ = {isa = PBXBuildFile; fileRef = F47732D91BE055254D925FF1F2C1E22A /* KeyPath.swift */; };
		A2FFC2930E0AC00C21BC3F099BF9C4CB /* UncurryTests.swift in Sources */ = {isa = PBXBuildFile; fileRef = 1B76A26D46C8B5275228859A0DC45198 /* UncurryTests.swift */; };
		A6C3BA3AAD20AE9A70D39349E576CD6D /* WithTests.swift in Sources */ = {isa = PBXBuildFile; fileRef = AD222BF13D8B21E34284B1EF4A8DE9BC /* WithTests.swift */; };
		A73C862C52F80B61126A0F87EB368513 /* KeyPath.swift in Sources */ = {isa = PBXBuildFile; fileRef = F47732D91BE055254D925FF1F2C1E22A /* KeyPath.swift */; };
		B04814104E012D3CF1F71811EF586642 /* UncurryTests.swift in Sources */ = {isa = PBXBuildFile; fileRef = 1B76A26D46C8B5275228859A0DC45198 /* UncurryTests.swift */; };
		B18C19D5CD8829AA12F39CEF694AD8F4 /* ZipSequence.swift in Sources */ = {isa = PBXBuildFile; fileRef = E99DF0B49A44E7971D0BADB382224B9A /* ZipSequence.swift */; };
		B1E664B7696FC45E8BE01A450125F082 /* With.swift in Sources */ = {isa = PBXBuildFile; fileRef = 084E843E081D5F78523FA418D6131714 /* With.swift */; };
		B1E8A23199BBB6C6DF44CA9641E3B5F4 /* ZipOptional.swift in Sources */ = {isa = PBXBuildFile; fileRef = 04FF47502A293AC317E475AA2235CBAF /* ZipOptional.swift */; };
		B3BB450E97D31A793A0B90F290783B62 /* FlipTests.swift in Sources */ = {isa = PBXBuildFile; fileRef = B053E123334CFD3F7CDD749299AB1037 /* FlipTests.swift */; };
		B41D01CDC2C32AAC7840EC4B352D5B3C /* CurryTests.swift in Sources */ = {isa = PBXBuildFile; fileRef = 34A7F4AFACC40C18C2448CF212C733D3 /* CurryTests.swift */; };
		B49F1811C53A22F858874A27B1C5CB4F /* Combining.swift in Sources */ = {isa = PBXBuildFile; fileRef = A97876B2169C15EC9E8FFD283E87FDC6 /* Combining.swift */; };
		B696225167C506FE3185DFCC62EB3F09 /* Overture.framework in Frameworks */ = {isa = PBXBuildFile; fileRef = 7D9B56D39F0C2B11CEE1EC0F96A57E17 /* Overture.framework */; };
		B7309E6215DE9490B54854786A40376A /* Overture.framework in Embed Frameworks */ = {isa = PBXBuildFile; fileRef = B9790A29AE31A286882E1FCDEAE35F56 /* Overture.framework */; settings = {ATTRIBUTES = (CodeSignOnCopy, RemoveHeadersOnCopy, ); }; };
		BC2173C747D7DE695B351EFE60074789 /* Optional.swift in Sources */ = {isa = PBXBuildFile; fileRef = AFECE5EF0A8E8FCD025E8D0089CDC882 /* Optional.swift */; };
		BCB21860FD45F0379E24CD1C376A3080 /* ChainTests.swift in Sources */ = {isa = PBXBuildFile; fileRef = B6F045FBF9701658818BFB0FEB227702 /* ChainTests.swift */; };
		BCB9EFEF8252091B69DF312F282F0921 /* ZipSequence.swift in Sources */ = {isa = PBXBuildFile; fileRef = E99DF0B49A44E7971D0BADB382224B9A /* ZipSequence.swift */; };
		BD9CEE1F438C12D2722FB7F55EFD8ED6 /* Setters.swift in Sources */ = {isa = PBXBuildFile; fileRef = 2DFD6736C2117E0882A8562EB492A645 /* Setters.swift */; };
		BE5381DA16126AF79384FAADC234920F /* WithTests.swift in Sources */ = {isa = PBXBuildFile; fileRef = AD222BF13D8B21E34284B1EF4A8DE9BC /* WithTests.swift */; };
		C14135EEAEEF88DD61564EB27E0EF73B /* ZipOptional.swift in Sources */ = {isa = PBXBuildFile; fileRef = 04FF47502A293AC317E475AA2235CBAF /* ZipOptional.swift */; };
		C174BC5CD5FE0934EAC278AA7D91381D /* FlipTests.swift in Sources */ = {isa = PBXBuildFile; fileRef = B053E123334CFD3F7CDD749299AB1037 /* FlipTests.swift */; };
		C6776ECB98BA22E2777FBCF7C3C7AB88 /* UncurryTests.swift in Sources */ = {isa = PBXBuildFile; fileRef = 1B76A26D46C8B5275228859A0DC45198 /* UncurryTests.swift */; };
		C9ABC9D58AEC50D3A680FA8EF1F12612 /* PipeTests.swift in Sources */ = {isa = PBXBuildFile; fileRef = D343175C20AB7FDC34E806713E4CF2A0 /* PipeTests.swift */; };
		CB9FE386677EAF092DC85D8759301ED6 /* Concat.swift in Sources */ = {isa = PBXBuildFile; fileRef = A0D090CCB03D0CF89F691A3BD80C2585 /* Concat.swift */; };
		CBB0B93672843F7681FE82DB2A3BD72D /* Update.swift in Sources */ = {isa = PBXBuildFile; fileRef = 46ABA68CE0EC631B446182A529B5D45A /* Update.swift */; };
		CED29B4A00D122AFA98FA1EA6ADA4352 /* Zurry.swift in Sources */ = {isa = PBXBuildFile; fileRef = 1B24FFD88524A68CB9897317AC19C4FB /* Zurry.swift */; };
		CF32FAF31549ACB2D5DEB4EDCDBEBDC6 /* ZipSequence.swift in Sources */ = {isa = PBXBuildFile; fileRef = E99DF0B49A44E7971D0BADB382224B9A /* ZipSequence.swift */; };
		D5B4B5B601F4CE790C9B70E217122DB6 /* Overture.framework in Embed Frameworks */ = {isa = PBXBuildFile; fileRef = 7D9B56D39F0C2B11CEE1EC0F96A57E17 /* Overture.framework */; settings = {ATTRIBUTES = (CodeSignOnCopy, RemoveHeadersOnCopy, ); }; };
		D5C5DA244F9649501879F6F6E38E5801 /* WithTests.swift in Sources */ = {isa = PBXBuildFile; fileRef = AD222BF13D8B21E34284B1EF4A8DE9BC /* WithTests.swift */; };
		DD57E0B404D83AAB9825F66B39C056B9 /* Setters.swift in Sources */ = {isa = PBXBuildFile; fileRef = 2DFD6736C2117E0882A8562EB492A645 /* Setters.swift */; };
		DD8D93314C14A398F568B65004471A47 /* ZipResult.swift in Sources */ = {isa = PBXBuildFile; fileRef = C51520C96F4E09968372112021B06EE2 /* ZipResult.swift */; };
		DE65651117E08D149D4B84C1016F699D /* KeyPathTests.swift in Sources */ = {isa = PBXBuildFile; fileRef = 201D646A61FFC0338C9735111E4740D7 /* KeyPathTests.swift */; };
		DEF99F3F904897AEC809AA30EDCFFBCE /* ComposeTests.swift in Sources */ = {isa = PBXBuildFile; fileRef = 57C2A8ED5445BAC81BB007C22B9AA01B /* ComposeTests.swift */; };
		DFC02704BC41E7EAC9E8889C8E436155 /* ZipResult.swift in Sources */ = {isa = PBXBuildFile; fileRef = C51520C96F4E09968372112021B06EE2 /* ZipResult.swift */; };
		E04493E6DF6CF66C1EABBB3A771FF2C5 /* Overture.framework in Embed Frameworks */ = {isa = PBXBuildFile; fileRef = 3F2AD3F9756AF72C38F41E38EB661C26 /* Overture.framework */; settings = {ATTRIBUTES = (CodeSignOnCopy, RemoveHeadersOnCopy, ); }; };
		E1BFBFBC763764A4715EE17FC80FD4ED /* Pipe.swift in Sources */ = {isa = PBXBuildFile; fileRef = F01BB18FF8A6F1EE602AFC79779E3507 /* Pipe.swift */; };
		E1C62A645FD6C18A4BAB62019F3C4C47 /* Overture.framework in Frameworks */ = {isa = PBXBuildFile; fileRef = B9790A29AE31A286882E1FCDEAE35F56 /* Overture.framework */; };
		E3170BFF2003160511D1D9F79F5F558D /* KeyPathTests.swift in Sources */ = {isa = PBXBuildFile; fileRef = 201D646A61FFC0338C9735111E4740D7 /* KeyPathTests.swift */; };
		E3396CA2B0860877D985D8A5D67CCC53 /* Sequence.swift in Sources */ = {isa = PBXBuildFile; fileRef = EE3EB2C9AD5D65B3DF2E6C356598EC91 /* Sequence.swift */; };
		E7A289EA534B5BA50BC41750773F4822 /* ComposeTests.swift in Sources */ = {isa = PBXBuildFile; fileRef = 57C2A8ED5445BAC81BB007C22B9AA01B /* ComposeTests.swift */; };
		E8220B8663F077A460AE81A02984A1F6 /* With.swift in Sources */ = {isa = PBXBuildFile; fileRef = 084E843E081D5F78523FA418D6131714 /* With.swift */; };
		EFDB5DCEEF10D4033113ABAB0AA4C1A6 /* CurryTests.swift in Sources */ = {isa = PBXBuildFile; fileRef = 34A7F4AFACC40C18C2448CF212C733D3 /* CurryTests.swift */; };
		EFE7882FF7F88E2DA8D5E81A6D7C47AE /* ZipTests.swift in Sources */ = {isa = PBXBuildFile; fileRef = 5204252DDDD513BECFC712F2D09EEB03 /* ZipTests.swift */; };
		F38087EC794AD490083F04EDB57ECB82 /* ConcatTests.swift in Sources */ = {isa = PBXBuildFile; fileRef = FB40D88FBAA126DD9F00E79696700EC5 /* ConcatTests.swift */; };
		FC4483CC8D46316C011ADC707E0E6384 /* FlipTests.swift in Sources */ = {isa = PBXBuildFile; fileRef = B053E123334CFD3F7CDD749299AB1037 /* FlipTests.swift */; };
		FD288F8F674328FA51A0E2BBFE3FF163 /* Combining.swift in Sources */ = {isa = PBXBuildFile; fileRef = A97876B2169C15EC9E8FFD283E87FDC6 /* Combining.swift */; };
		FF4A6C139CA4C5582D4FC44D9814BB81 /* ZipSequence.swift in Sources */ = {isa = PBXBuildFile; fileRef = E99DF0B49A44E7971D0BADB382224B9A /* ZipSequence.swift */; };
/* End PBXBuildFile section */

/* Begin PBXContainerItemProxy section */
		16E695C987BCF60F9CC4824ADF7C8960 /* PBXContainerItemProxy */ = {
			isa = PBXContainerItemProxy;
			containerPortal = BCA18CFE588C3661CD98276FEAFD2ABF /* Project object */;
			proxyType = 1;
			remoteGlobalIDString = 1A9D4BE7E3ABBAE4B1CBB723464B111C;
			remoteInfo = Overture_macOS;
		};
		6E05921A049C412B743A4A42E2ED5DFB /* PBXContainerItemProxy */ = {
			isa = PBXContainerItemProxy;
			containerPortal = BCA18CFE588C3661CD98276FEAFD2ABF /* Project object */;
			proxyType = 1;
			remoteGlobalIDString = A5595549A81068462256743E32D7E36D;
			remoteInfo = Overture_tvOS;
		};
		8E0E558526CE6BE49EDC10CB7DA3FEAB /* PBXContainerItemProxy */ = {
			isa = PBXContainerItemProxy;
			containerPortal = BCA18CFE588C3661CD98276FEAFD2ABF /* Project object */;
			proxyType = 1;
			remoteGlobalIDString = C986EA57938522DE23E8CA570CCC6C80;
			remoteInfo = Overture_iOS;
		};
		ADDD87334EF1836FA6BC16FAAD93CAF4 /* PBXContainerItemProxy */ = {
			isa = PBXContainerItemProxy;
			containerPortal = BCA18CFE588C3661CD98276FEAFD2ABF /* Project object */;
			proxyType = 1;
			remoteGlobalIDString = 8B0FD87BBE58097B4A4B4BB493ACE221;
			remoteInfo = Overture_watchOS;
		};
/* End PBXContainerItemProxy section */

/* Begin PBXCopyFilesBuildPhase section */
		03021432F783FCBA0A9F743BEB9D5257 /* Embed Frameworks */ = {
			isa = PBXCopyFilesBuildPhase;
			buildActionMask = 2147483647;
			dstPath = "";
			dstSubfolderSpec = 10;
			files = (
				E04493E6DF6CF66C1EABBB3A771FF2C5 /* Overture.framework in Embed Frameworks */,
			);
			name = "Embed Frameworks";
			runOnlyForDeploymentPostprocessing = 0;
		};
		20032052D7DFB0976A9FF91C09172184 /* Embed Frameworks */ = {
			isa = PBXCopyFilesBuildPhase;
			buildActionMask = 2147483647;
			dstPath = "";
			dstSubfolderSpec = 10;
			files = (
				B7309E6215DE9490B54854786A40376A /* Overture.framework in Embed Frameworks */,
			);
			name = "Embed Frameworks";
			runOnlyForDeploymentPostprocessing = 0;
		};
		5624901174408EDE19339C06D898BAD7 /* Embed Frameworks */ = {
			isa = PBXCopyFilesBuildPhase;
			buildActionMask = 2147483647;
			dstPath = "";
			dstSubfolderSpec = 10;
			files = (
				D5B4B5B601F4CE790C9B70E217122DB6 /* Overture.framework in Embed Frameworks */,
			);
			name = "Embed Frameworks";
			runOnlyForDeploymentPostprocessing = 0;
		};
		FEC1F42078B07B9D3F7A79625478CFC4 /* Embed Frameworks */ = {
			isa = PBXCopyFilesBuildPhase;
			buildActionMask = 2147483647;
			dstPath = "";
			dstSubfolderSpec = 10;
			files = (
				5C47DCBBA2291B86B5A53DB3967BBDB9 /* Overture.framework in Embed Frameworks */,
			);
			name = "Embed Frameworks";
			runOnlyForDeploymentPostprocessing = 0;
		};
/* End PBXCopyFilesBuildPhase section */

/* Begin PBXFileReference section */
		04FF47502A293AC317E475AA2235CBAF /* ZipOptional.swift */ = {isa = PBXFileReference; lastKnownFileType = sourcecode.swift; path = ZipOptional.swift; sourceTree = "<group>"; };
		084E843E081D5F78523FA418D6131714 /* With.swift */ = {isa = PBXFileReference; lastKnownFileType = sourcecode.swift; path = With.swift; sourceTree = "<group>"; };
		1B24FFD88524A68CB9897317AC19C4FB /* Zurry.swift */ = {isa = PBXFileReference; lastKnownFileType = sourcecode.swift; path = Zurry.swift; sourceTree = "<group>"; };
		1B76A26D46C8B5275228859A0DC45198 /* UncurryTests.swift */ = {isa = PBXFileReference; lastKnownFileType = sourcecode.swift; path = UncurryTests.swift; sourceTree = "<group>"; };
		1EA7EBE545481EE4F89D536576AD97BA /* SettersTests.swift */ = {isa = PBXFileReference; lastKnownFileType = sourcecode.swift; path = SettersTests.swift; sourceTree = "<group>"; };
		201D646A61FFC0338C9735111E4740D7 /* KeyPathTests.swift */ = {isa = PBXFileReference; lastKnownFileType = sourcecode.swift; path = KeyPathTests.swift; sourceTree = "<group>"; };
		2DFD6736C2117E0882A8562EB492A645 /* Setters.swift */ = {isa = PBXFileReference; lastKnownFileType = sourcecode.swift; path = Setters.swift; sourceTree = "<group>"; };
		34A7F4AFACC40C18C2448CF212C733D3 /* CurryTests.swift */ = {isa = PBXFileReference; lastKnownFileType = sourcecode.swift; path = CurryTests.swift; sourceTree = "<group>"; };
		3DAB21E096E7BD1D45A4C0F137322BFF /* Overture.framework */ = {isa = PBXFileReference; explicitFileType = wrapper.framework; includeInIndex = 0; path = Overture.framework; sourceTree = BUILT_PRODUCTS_DIR; };
		3F2AD3F9756AF72C38F41E38EB661C26 /* Overture.framework */ = {isa = PBXFileReference; explicitFileType = wrapper.framework; includeInIndex = 0; path = Overture.framework; sourceTree = BUILT_PRODUCTS_DIR; };
		4650006197ED27DA2BC9B0C22D6B88F2 /* Uncurry.swift */ = {isa = PBXFileReference; lastKnownFileType = sourcecode.swift; path = Uncurry.swift; sourceTree = "<group>"; };
		46ABA68CE0EC631B446182A529B5D45A /* Update.swift */ = {isa = PBXFileReference; lastKnownFileType = sourcecode.swift; path = Update.swift; sourceTree = "<group>"; };
		4BA0ECE4B36D518F79B6139DB4FCC7C5 /* OvertureTests.xctest */ = {isa = PBXFileReference; includeInIndex = 0; lastKnownFileType = wrapper.cfbundle; path = OvertureTests.xctest; sourceTree = BUILT_PRODUCTS_DIR; };
		5204252DDDD513BECFC712F2D09EEB03 /* ZipTests.swift */ = {isa = PBXFileReference; lastKnownFileType = sourcecode.swift; path = ZipTests.swift; sourceTree = "<group>"; };
		57C2A8ED5445BAC81BB007C22B9AA01B /* ComposeTests.swift */ = {isa = PBXFileReference; lastKnownFileType = sourcecode.swift; path = ComposeTests.swift; sourceTree = "<group>"; };
		7B08B278D1B3FD676BFF193C27A0D79E /* Compose.swift */ = {isa = PBXFileReference; lastKnownFileType = sourcecode.swift; path = Compose.swift; sourceTree = "<group>"; };
		7D9B56D39F0C2B11CEE1EC0F96A57E17 /* Overture.framework */ = {isa = PBXFileReference; explicitFileType = wrapper.framework; includeInIndex = 0; path = Overture.framework; sourceTree = BUILT_PRODUCTS_DIR; };
		8EA94F97250242D8DFDCBC9A57AAE72F /* Curry.swift */ = {isa = PBXFileReference; lastKnownFileType = sourcecode.swift; path = Curry.swift; sourceTree = "<group>"; };
		A0D090CCB03D0CF89F691A3BD80C2585 /* Concat.swift */ = {isa = PBXFileReference; lastKnownFileType = sourcecode.swift; path = Concat.swift; sourceTree = "<group>"; };
		A81D3FAFA02E6A888345E85CAC6AA040 /* Flip.swift */ = {isa = PBXFileReference; lastKnownFileType = sourcecode.swift; path = Flip.swift; sourceTree = "<group>"; };
		A97876B2169C15EC9E8FFD283E87FDC6 /* Combining.swift */ = {isa = PBXFileReference; lastKnownFileType = sourcecode.swift; path = Combining.swift; sourceTree = "<group>"; };
		AD222BF13D8B21E34284B1EF4A8DE9BC /* WithTests.swift */ = {isa = PBXFileReference; lastKnownFileType = sourcecode.swift; path = WithTests.swift; sourceTree = "<group>"; };
		AFECE5EF0A8E8FCD025E8D0089CDC882 /* Optional.swift */ = {isa = PBXFileReference; lastKnownFileType = sourcecode.swift; path = Optional.swift; sourceTree = "<group>"; };
		B053E123334CFD3F7CDD749299AB1037 /* FlipTests.swift */ = {isa = PBXFileReference; lastKnownFileType = sourcecode.swift; path = FlipTests.swift; sourceTree = "<group>"; };
		B6F045FBF9701658818BFB0FEB227702 /* ChainTests.swift */ = {isa = PBXFileReference; lastKnownFileType = sourcecode.swift; path = ChainTests.swift; sourceTree = "<group>"; };
		B9790A29AE31A286882E1FCDEAE35F56 /* Overture.framework */ = {isa = PBXFileReference; explicitFileType = wrapper.framework; includeInIndex = 0; path = Overture.framework; sourceTree = BUILT_PRODUCTS_DIR; };
		C51520C96F4E09968372112021B06EE2 /* ZipResult.swift */ = {isa = PBXFileReference; lastKnownFileType = sourcecode.swift; path = ZipResult.swift; sourceTree = "<group>"; };
		D343175C20AB7FDC34E806713E4CF2A0 /* PipeTests.swift */ = {isa = PBXFileReference; lastKnownFileType = sourcecode.swift; path = PipeTests.swift; sourceTree = "<group>"; };
		D97BF073ECE738E187EE66178549C36A /* Chain.swift */ = {isa = PBXFileReference; lastKnownFileType = sourcecode.swift; path = Chain.swift; sourceTree = "<group>"; };
		E915B65EDF7FE8E867A81F9EAD908D66 /* OvertureTests.xctest */ = {isa = PBXFileReference; includeInIndex = 0; lastKnownFileType = wrapper.cfbundle; path = OvertureTests.xctest; sourceTree = BUILT_PRODUCTS_DIR; };
		E99DF0B49A44E7971D0BADB382224B9A /* ZipSequence.swift */ = {isa = PBXFileReference; lastKnownFileType = sourcecode.swift; path = ZipSequence.swift; sourceTree = "<group>"; };
		EC0C7C80C73382E609C4F010D7743431 /* OvertureTests.xctest */ = {isa = PBXFileReference; explicitFileType = wrapper.cfbundle; includeInIndex = 0; path = OvertureTests.xctest; sourceTree = BUILT_PRODUCTS_DIR; };
		EE3EB2C9AD5D65B3DF2E6C356598EC91 /* Sequence.swift */ = {isa = PBXFileReference; lastKnownFileType = sourcecode.swift; path = Sequence.swift; sourceTree = "<group>"; };
		F01BB18FF8A6F1EE602AFC79779E3507 /* Pipe.swift */ = {isa = PBXFileReference; lastKnownFileType = sourcecode.swift; path = Pipe.swift; sourceTree = "<group>"; };
		F47732D91BE055254D925FF1F2C1E22A /* KeyPath.swift */ = {isa = PBXFileReference; lastKnownFileType = sourcecode.swift; path = KeyPath.swift; sourceTree = "<group>"; };
		F91791C27227928071438D2A51AF299B /* Result.swift */ = {isa = PBXFileReference; lastKnownFileType = sourcecode.swift; path = Result.swift; sourceTree = "<group>"; };
		F9774B9D6F57BC01EAC6189691B5F809 /* OvertureTests.xctest */ = {isa = PBXFileReference; explicitFileType = wrapper.cfbundle; includeInIndex = 0; path = OvertureTests.xctest; sourceTree = BUILT_PRODUCTS_DIR; };
		FB40D88FBAA126DD9F00E79696700EC5 /* ConcatTests.swift */ = {isa = PBXFileReference; lastKnownFileType = sourcecode.swift; path = ConcatTests.swift; sourceTree = "<group>"; };
/* End PBXFileReference section */

/* Begin PBXFrameworksBuildPhase section */
		1F5CDC16937E94D36B3079BA1DBC0F7E /* Frameworks */ = {
			isa = PBXFrameworksBuildPhase;
			buildActionMask = 2147483647;
			files = (
				7F7C81A20138045793B87F6EB69FD0AA /* Overture.framework in Frameworks */,
			);
			runOnlyForDeploymentPostprocessing = 0;
		};
		48FAEE643DC6569729F1E36B9E3927A6 /* Frameworks */ = {
			isa = PBXFrameworksBuildPhase;
			buildActionMask = 2147483647;
			files = (
				E1C62A645FD6C18A4BAB62019F3C4C47 /* Overture.framework in Frameworks */,
			);
			runOnlyForDeploymentPostprocessing = 0;
		};
		F78D121EA755472CEE4494174A80FAC2 /* Frameworks */ = {
			isa = PBXFrameworksBuildPhase;
			buildActionMask = 2147483647;
			files = (
				B696225167C506FE3185DFCC62EB3F09 /* Overture.framework in Frameworks */,
			);
			runOnlyForDeploymentPostprocessing = 0;
		};
		FFF84B61D22790239E5AB51060392B07 /* Frameworks */ = {
			isa = PBXFrameworksBuildPhase;
			buildActionMask = 2147483647;
			files = (
				18AFBCEF8AAF2BBAE9A6F1FC78A91DCA /* Overture.framework in Frameworks */,
			);
			runOnlyForDeploymentPostprocessing = 0;
		};
/* End PBXFrameworksBuildPhase section */

/* Begin PBXGroup section */
		299FAA84F86298ACB1022F9742B8E5A0 /* Overture */ = {
			isa = PBXGroup;
			children = (
				D97BF073ECE738E187EE66178549C36A /* Chain.swift */,
				A97876B2169C15EC9E8FFD283E87FDC6 /* Combining.swift */,
				7B08B278D1B3FD676BFF193C27A0D79E /* Compose.swift */,
				A0D090CCB03D0CF89F691A3BD80C2585 /* Concat.swift */,
				8EA94F97250242D8DFDCBC9A57AAE72F /* Curry.swift */,
				A81D3FAFA02E6A888345E85CAC6AA040 /* Flip.swift */,
				F47732D91BE055254D925FF1F2C1E22A /* KeyPath.swift */,
				AFECE5EF0A8E8FCD025E8D0089CDC882 /* Optional.swift */,
				F01BB18FF8A6F1EE602AFC79779E3507 /* Pipe.swift */,
				F91791C27227928071438D2A51AF299B /* Result.swift */,
				EE3EB2C9AD5D65B3DF2E6C356598EC91 /* Sequence.swift */,
				2DFD6736C2117E0882A8562EB492A645 /* Setters.swift */,
				4650006197ED27DA2BC9B0C22D6B88F2 /* Uncurry.swift */,
				46ABA68CE0EC631B446182A529B5D45A /* Update.swift */,
				084E843E081D5F78523FA418D6131714 /* With.swift */,
				04FF47502A293AC317E475AA2235CBAF /* ZipOptional.swift */,
				C51520C96F4E09968372112021B06EE2 /* ZipResult.swift */,
				E99DF0B49A44E7971D0BADB382224B9A /* ZipSequence.swift */,
				1B24FFD88524A68CB9897317AC19C4FB /* Zurry.swift */,
			);
			path = Overture;
			sourceTree = "<group>";
		};
		2BE56D2D4CCAC42907146880445C78C9 /* Products */ = {
			isa = PBXGroup;
			children = (
				B9790A29AE31A286882E1FCDEAE35F56 /* Overture.framework */,
				3DAB21E096E7BD1D45A4C0F137322BFF /* Overture.framework */,
				3F2AD3F9756AF72C38F41E38EB661C26 /* Overture.framework */,
				7D9B56D39F0C2B11CEE1EC0F96A57E17 /* Overture.framework */,
				E915B65EDF7FE8E867A81F9EAD908D66 /* OvertureTests.xctest */,
				EC0C7C80C73382E609C4F010D7743431 /* OvertureTests.xctest */,
				4BA0ECE4B36D518F79B6139DB4FCC7C5 /* OvertureTests.xctest */,
				F9774B9D6F57BC01EAC6189691B5F809 /* OvertureTests.xctest */,
			);
			name = Products;
			sourceTree = "<group>";
		};
		384A7461D0D60B10BA8BA723338D4152 /* Sources */ = {
			isa = PBXGroup;
			children = (
				299FAA84F86298ACB1022F9742B8E5A0 /* Overture */,
			);
			path = Sources;
			sourceTree = "<group>";
		};
		760FACDF4A1B19C347D166DA8177F407 = {
			isa = PBXGroup;
			children = (
				384A7461D0D60B10BA8BA723338D4152 /* Sources */,
				CDE3275632DF368402510776B655D8B8 /* Tests */,
				2BE56D2D4CCAC42907146880445C78C9 /* Products */,
			);
			indentWidth = 2;
			sourceTree = "<group>";
			tabWidth = 2;
			usesTabs = 0;
		};
		CDE3275632DF368402510776B655D8B8 /* Tests */ = {
			isa = PBXGroup;
			children = (
				FB82A865293938AF6CA80864F5D94FB4 /* OvertureTests */,
			);
			path = Tests;
			sourceTree = "<group>";
		};
		FB82A865293938AF6CA80864F5D94FB4 /* OvertureTests */ = {
			isa = PBXGroup;
			children = (
				B6F045FBF9701658818BFB0FEB227702 /* ChainTests.swift */,
				57C2A8ED5445BAC81BB007C22B9AA01B /* ComposeTests.swift */,
				FB40D88FBAA126DD9F00E79696700EC5 /* ConcatTests.swift */,
				34A7F4AFACC40C18C2448CF212C733D3 /* CurryTests.swift */,
				B053E123334CFD3F7CDD749299AB1037 /* FlipTests.swift */,
				201D646A61FFC0338C9735111E4740D7 /* KeyPathTests.swift */,
				D343175C20AB7FDC34E806713E4CF2A0 /* PipeTests.swift */,
				1EA7EBE545481EE4F89D536576AD97BA /* SettersTests.swift */,
				1B76A26D46C8B5275228859A0DC45198 /* UncurryTests.swift */,
				AD222BF13D8B21E34284B1EF4A8DE9BC /* WithTests.swift */,
				5204252DDDD513BECFC712F2D09EEB03 /* ZipTests.swift */,
			);
			path = OvertureTests;
			sourceTree = "<group>";
		};
/* End PBXGroup section */

/* Begin PBXNativeTarget section */
		1A9D4BE7E3ABBAE4B1CBB723464B111C /* Overture_macOS */ = {
			isa = PBXNativeTarget;
			buildConfigurationList = 0CDD93C9618F0FB41BFE8E5A72C9D5DD /* Build configuration list for PBXNativeTarget "Overture_macOS" */;
			buildPhases = (
				161790E24C6D9DE7F33776E7FECF7163 /* Sources */,
			);
			buildRules = (
			);
			dependencies = (
			);
			name = Overture_macOS;
			productName = Overture_macOS;
			productReference = 3DAB21E096E7BD1D45A4C0F137322BFF /* Overture.framework */;
			productType = "com.apple.product-type.framework";
		};
		32EB4906CEF837202537791A1D5496A8 /* OvertureTests_iOS */ = {
			isa = PBXNativeTarget;
			buildConfigurationList = 80546AE3835D64741E5D7002F26ED766 /* Build configuration list for PBXNativeTarget "OvertureTests_iOS" */;
			buildPhases = (
				5A3D827895BB09759BC3700FC10884EE /* Sources */,
				48FAEE643DC6569729F1E36B9E3927A6 /* Frameworks */,
				20032052D7DFB0976A9FF91C09172184 /* Embed Frameworks */,
			);
			buildRules = (
			);
			dependencies = (
				5EF9E39DF534FE33D8F1D98AC3D3C389 /* PBXTargetDependency */,
			);
			name = OvertureTests_iOS;
			productName = OvertureTests_iOS;
			productReference = E915B65EDF7FE8E867A81F9EAD908D66 /* OvertureTests.xctest */;
			productType = "com.apple.product-type.bundle.unit-test";
		};
		8B0FD87BBE58097B4A4B4BB493ACE221 /* Overture_watchOS */ = {
			isa = PBXNativeTarget;
			buildConfigurationList = CCB3D84E8FD548CB3885803FD29E4034 /* Build configuration list for PBXNativeTarget "Overture_watchOS" */;
			buildPhases = (
				6E69405D0BE27C8A30A5496E6BCB9280 /* Sources */,
			);
			buildRules = (
			);
			dependencies = (
			);
			name = Overture_watchOS;
			productName = Overture_watchOS;
			productReference = 7D9B56D39F0C2B11CEE1EC0F96A57E17 /* Overture.framework */;
			productType = "com.apple.product-type.framework";
		};
		A5595549A81068462256743E32D7E36D /* Overture_tvOS */ = {
			isa = PBXNativeTarget;
			buildConfigurationList = CB767728D6D743FBB5C64476E378D172 /* Build configuration list for PBXNativeTarget "Overture_tvOS" */;
			buildPhases = (
				71CB60E0EA542127D297E8A307F47C31 /* Sources */,
			);
			buildRules = (
			);
			dependencies = (
			);
			name = Overture_tvOS;
			productName = Overture_tvOS;
			productReference = 3F2AD3F9756AF72C38F41E38EB661C26 /* Overture.framework */;
			productType = "com.apple.product-type.framework";
		};
		BF96F05D873EB74DC8204D6037969ED1 /* OvertureTests_tvOS */ = {
			isa = PBXNativeTarget;
			buildConfigurationList = 171ACD075E6A431BEACF30FA042FE88E /* Build configuration list for PBXNativeTarget "OvertureTests_tvOS" */;
			buildPhases = (
				F4BD719358EE952432F3F7F4F033733C /* Sources */,
				1F5CDC16937E94D36B3079BA1DBC0F7E /* Frameworks */,
				03021432F783FCBA0A9F743BEB9D5257 /* Embed Frameworks */,
			);
			buildRules = (
			);
			dependencies = (
				D10C3703E556AF32D4E681221AC63A58 /* PBXTargetDependency */,
			);
			name = OvertureTests_tvOS;
			productName = OvertureTests_tvOS;
			productReference = 4BA0ECE4B36D518F79B6139DB4FCC7C5 /* OvertureTests.xctest */;
			productType = "com.apple.product-type.bundle.unit-test";
		};
		C986EA57938522DE23E8CA570CCC6C80 /* Overture_iOS */ = {
			isa = PBXNativeTarget;
			buildConfigurationList = 6F912E56FCB034C42D490B5760A9DAC7 /* Build configuration list for PBXNativeTarget "Overture_iOS" */;
			buildPhases = (
				A1215453A582AA6871B79E466A7F5B4A /* Sources */,
			);
			buildRules = (
			);
			dependencies = (
			);
			name = Overture_iOS;
			productName = Overture_iOS;
			productReference = B9790A29AE31A286882E1FCDEAE35F56 /* Overture.framework */;
			productType = "com.apple.product-type.framework";
		};
		F137F6702BF7EF8181D5D0610F2C409E /* OvertureTests_macOS */ = {
			isa = PBXNativeTarget;
			buildConfigurationList = FB38119FB15C074AB33D550D12AE6725 /* Build configuration list for PBXNativeTarget "OvertureTests_macOS" */;
			buildPhases = (
				237DBAEB0C300257060090083C5DEFE1 /* Sources */,
				FFF84B61D22790239E5AB51060392B07 /* Frameworks */,
				FEC1F42078B07B9D3F7A79625478CFC4 /* Embed Frameworks */,
			);
			buildRules = (
			);
			dependencies = (
				2A5A63717E0E2E4526AFAEB1AB603C11 /* PBXTargetDependency */,
			);
			name = OvertureTests_macOS;
			productName = OvertureTests_macOS;
			productReference = EC0C7C80C73382E609C4F010D7743431 /* OvertureTests.xctest */;
			productType = "com.apple.product-type.bundle.unit-test";
		};
		F256AD3DF59DF20D3BDA368BF2F8E39A /* OvertureTests_watchOS */ = {
			isa = PBXNativeTarget;
			buildConfigurationList = 0826501B91346ADADC132B17E5D01A8A /* Build configuration list for PBXNativeTarget "OvertureTests_watchOS" */;
			buildPhases = (
				5885560B35536D01FBBB800E30779AE7 /* Sources */,
				F78D121EA755472CEE4494174A80FAC2 /* Frameworks */,
				5624901174408EDE19339C06D898BAD7 /* Embed Frameworks */,
			);
			buildRules = (
			);
			dependencies = (
				8DE762A0542A58654137916C1E96D83E /* PBXTargetDependency */,
			);
			name = OvertureTests_watchOS;
			productName = OvertureTests_watchOS;
			productReference = F9774B9D6F57BC01EAC6189691B5F809 /* OvertureTests.xctest */;
			productType = "com.apple.product-type.bundle.unit-test";
		};
/* End PBXNativeTarget section */

/* Begin PBXProject section */
		BCA18CFE588C3661CD98276FEAFD2ABF /* Project object */ = {
			isa = PBXProject;
			attributes = {
				LastUpgradeCheck = 1020;
			};
			buildConfigurationList = B6034B7F1C24F43BE4637C8B2CB15F8A /* Build configuration list for PBXProject "Overture" */;
			compatibilityVersion = "Xcode 9.3";
			developmentRegion = en;
			hasScannedForEncodings = 0;
			knownRegions = (
				en,
			);
			mainGroup = 760FACDF4A1B19C347D166DA8177F407;
			projectDirPath = "";
			projectRoot = "";
			targets = (
				32EB4906CEF837202537791A1D5496A8 /* OvertureTests_iOS */,
				F137F6702BF7EF8181D5D0610F2C409E /* OvertureTests_macOS */,
				BF96F05D873EB74DC8204D6037969ED1 /* OvertureTests_tvOS */,
				F256AD3DF59DF20D3BDA368BF2F8E39A /* OvertureTests_watchOS */,
				C986EA57938522DE23E8CA570CCC6C80 /* Overture_iOS */,
				1A9D4BE7E3ABBAE4B1CBB723464B111C /* Overture_macOS */,
				A5595549A81068462256743E32D7E36D /* Overture_tvOS */,
				8B0FD87BBE58097B4A4B4BB493ACE221 /* Overture_watchOS */,
			);
		};
/* End PBXProject section */

/* Begin PBXSourcesBuildPhase section */
		161790E24C6D9DE7F33776E7FECF7163 /* Sources */ = {
			isa = PBXSourcesBuildPhase;
			buildActionMask = 2147483647;
			files = (
				7186BB57D5AAA941156C7BD31E9CDF90 /* Chain.swift in Sources */,
				06DE47629EECF63E6DEC0D6CAF13D994 /* Combining.swift in Sources */,
				848829408C941E8AEB3E3263570B7207 /* Compose.swift in Sources */,
				15C2F56220C4DB411F1FBE28685D2457 /* Concat.swift in Sources */,
				3CD1B7128A88694504B5573963509BD9 /* Curry.swift in Sources */,
				6AE1E6B8888FC6D95539785674E8ED7A /* Flip.swift in Sources */,
				51E7B97CF3D70E8F380847AC25D10724 /* KeyPath.swift in Sources */,
				0EE9065DA8A609076E05AC14DF5F2A64 /* Optional.swift in Sources */,
				7937075297A0AD79943CCE04CDC89D31 /* Pipe.swift in Sources */,
				729AA574993C1CDF2A4DDF037C78F476 /* Result.swift in Sources */,
				46FA836E1EEE7A4941952D6C03B548FD /* Sequence.swift in Sources */,
				6B5BF089FF419D999B09DADA4B90F019 /* Setters.swift in Sources */,
				5BF99D80162BCF75F326D2A7110AB78D /* Uncurry.swift in Sources */,
				496FEB26BCD37403E92CEB1BF05D4DC8 /* Update.swift in Sources */,
				6EBD0C9EBF49E00B67221787356154C7 /* With.swift in Sources */,
				3C2AA341B47C680902A4D9EA33662E08 /* ZipOptional.swift in Sources */,
				724DA437EBF4477CFE65CA256AF693B1 /* ZipResult.swift in Sources */,
				BCB9EFEF8252091B69DF312F282F0921 /* ZipSequence.swift in Sources */,
				1A788B5CB236F31F79E1A6B168D32880 /* Zurry.swift in Sources */,
			);
			runOnlyForDeploymentPostprocessing = 0;
		};
		237DBAEB0C300257060090083C5DEFE1 /* Sources */ = {
			isa = PBXSourcesBuildPhase;
			buildActionMask = 2147483647;
			files = (
				A1F22F4D635757EAB34C129F4B6C37C8 /* ChainTests.swift in Sources */,
				9248ADC5C747D6616B1CCD74BFB3353C /* ComposeTests.swift in Sources */,
				9A17BBDFB4E9C2BD1D24311A4789D419 /* ConcatTests.swift in Sources */,
				995258C292C2DC6D97A5F0A9827798B8 /* CurryTests.swift in Sources */,
				FC4483CC8D46316C011ADC707E0E6384 /* FlipTests.swift in Sources */,
				DE65651117E08D149D4B84C1016F699D /* KeyPathTests.swift in Sources */,
				8B8412AF2AA936B2C42A18B66E078E36 /* PipeTests.swift in Sources */,
				8AEF80A1B5F8C6FC5A4A649F878F2A50 /* SettersTests.swift in Sources */,
				B04814104E012D3CF1F71811EF586642 /* UncurryTests.swift in Sources */,
				BE5381DA16126AF79384FAADC234920F /* WithTests.swift in Sources */,
				9E60CD9E9F2B29E484D6340440EAAF05 /* ZipTests.swift in Sources */,
			);
			runOnlyForDeploymentPostprocessing = 0;
		};
		5885560B35536D01FBBB800E30779AE7 /* Sources */ = {
			isa = PBXSourcesBuildPhase;
			buildActionMask = 2147483647;
			files = (
				BCB21860FD45F0379E24CD1C376A3080 /* ChainTests.swift in Sources */,
				2584827102FD30AD7A9600A42AAA7584 /* ComposeTests.swift in Sources */,
				F38087EC794AD490083F04EDB57ECB82 /* ConcatTests.swift in Sources */,
				001F3396B104BF2702DBF781D489F7C5 /* CurryTests.swift in Sources */,
				B3BB450E97D31A793A0B90F290783B62 /* FlipTests.swift in Sources */,
				E3170BFF2003160511D1D9F79F5F558D /* KeyPathTests.swift in Sources */,
				61474BADF6B660F819DC22624EB75269 /* PipeTests.swift in Sources */,
				146BB17BA51BEE1761DBB2C738F5D23D /* SettersTests.swift in Sources */,
				A2FFC2930E0AC00C21BC3F099BF9C4CB /* UncurryTests.swift in Sources */,
				A6C3BA3AAD20AE9A70D39349E576CD6D /* WithTests.swift in Sources */,
				81626D608656ABD84555DB58289D014F /* ZipTests.swift in Sources */,
			);
			runOnlyForDeploymentPostprocessing = 0;
		};
		5A3D827895BB09759BC3700FC10884EE /* Sources */ = {
			isa = PBXSourcesBuildPhase;
			buildActionMask = 2147483647;
			files = (
				A179A3754879D45FB9291A9A5596F94E /* ChainTests.swift in Sources */,
				E7A289EA534B5BA50BC41750773F4822 /* ComposeTests.swift in Sources */,
				943AB10B901246B33C39A077FED467C0 /* ConcatTests.swift in Sources */,
				EFDB5DCEEF10D4033113ABAB0AA4C1A6 /* CurryTests.swift in Sources */,
				C174BC5CD5FE0934EAC278AA7D91381D /* FlipTests.swift in Sources */,
				335252B84189FF6A8B7D2FEF62FA7F1D /* KeyPathTests.swift in Sources */,
				C9ABC9D58AEC50D3A680FA8EF1F12612 /* PipeTests.swift in Sources */,
				8A6E4075BAD88AD418037EC23B28B6D3 /* SettersTests.swift in Sources */,
				99E025EB29ECA238E6EAB0FBD40651DB /* UncurryTests.swift in Sources */,
				D5C5DA244F9649501879F6F6E38E5801 /* WithTests.swift in Sources */,
				0BB1EBC78C02944ED43101B4CF3A2738 /* ZipTests.swift in Sources */,
			);
			runOnlyForDeploymentPostprocessing = 0;
		};
		6E69405D0BE27C8A30A5496E6BCB9280 /* Sources */ = {
			isa = PBXSourcesBuildPhase;
			buildActionMask = 2147483647;
			files = (
				A2A3AA5A0E05B28B84151A09DF15BC30 /* Chain.swift in Sources */,
				076A9BD3C57576FA9112724D22D5270B /* Combining.swift in Sources */,
				107C891600865FF96DBE393412D3ABD5 /* Compose.swift in Sources */,
				CB9FE386677EAF092DC85D8759301ED6 /* Concat.swift in Sources */,
				69EB1EDEB5D2B358781FF922F98E50BF /* Curry.swift in Sources */,
				7C72901F10AFF5566E9EDEC43B0233D7 /* Flip.swift in Sources */,
				A73C862C52F80B61126A0F87EB368513 /* KeyPath.swift in Sources */,
				0409352AD8BB514115A8C60938C82745 /* Optional.swift in Sources */,
				E1BFBFBC763764A4715EE17FC80FD4ED /* Pipe.swift in Sources */,
				2B147CFF8794F0F483A3791DB3118580 /* Result.swift in Sources */,
				832034B8A787CD5DDFE1811A2D477CD4 /* Sequence.swift in Sources */,
				11B22B559AAB82DBC744C0E83DA69D68 /* Setters.swift in Sources */,
				9290FC9E5A0990D7F39CF5CA20174A8E /* Uncurry.swift in Sources */,
				CBB0B93672843F7681FE82DB2A3BD72D /* Update.swift in Sources */,
				E8220B8663F077A460AE81A02984A1F6 /* With.swift in Sources */,
				B1E8A23199BBB6C6DF44CA9641E3B5F4 /* ZipOptional.swift in Sources */,
				DFC02704BC41E7EAC9E8889C8E436155 /* ZipResult.swift in Sources */,
				CF32FAF31549ACB2D5DEB4EDCDBEBDC6 /* ZipSequence.swift in Sources */,
				CED29B4A00D122AFA98FA1EA6ADA4352 /* Zurry.swift in Sources */,
			);
			runOnlyForDeploymentPostprocessing = 0;
		};
		71CB60E0EA542127D297E8A307F47C31 /* Sources */ = {
			isa = PBXSourcesBuildPhase;
			buildActionMask = 2147483647;
			files = (
				36BFD18F77E3BD1734F58B582E47B332 /* Chain.swift in Sources */,
				FD288F8F674328FA51A0E2BBFE3FF163 /* Combining.swift in Sources */,
				43A11F7A1B4326AF4004893A57850040 /* Compose.swift in Sources */,
				4C4DBA5B2C8F447CE75306F52B82BEF0 /* Concat.swift in Sources */,
				5B983326EAFB3ACD23EDB75D759B6136 /* Curry.swift in Sources */,
				47FFECD33F68567D2A1B506A8D9A1191 /* Flip.swift in Sources */,
				A2EE8565D1D7133AC0CAFF50CB4C5C78 /* KeyPath.swift in Sources */,
				39A2FF6C060831A2B7DB6B0B680F2D5C /* Optional.swift in Sources */,
				4B5FA71536D98827F8434A1FD8440AF2 /* Pipe.swift in Sources */,
				0848D39EF8F984A2833613F09427D761 /* Result.swift in Sources */,
				E3396CA2B0860877D985D8A5D67CCC53 /* Sequence.swift in Sources */,
				BD9CEE1F438C12D2722FB7F55EFD8ED6 /* Setters.swift in Sources */,
				470119044B7454EA3BCCB5E4B5C82998 /* Uncurry.swift in Sources */,
				7483DBE4032DABA589DD13D878569288 /* Update.swift in Sources */,
				B1E664B7696FC45E8BE01A450125F082 /* With.swift in Sources */,
				C14135EEAEEF88DD61564EB27E0EF73B /* ZipOptional.swift in Sources */,
				A2CFD7BB71129DDD4D76285499E16BF4 /* ZipResult.swift in Sources */,
				FF4A6C139CA4C5582D4FC44D9814BB81 /* ZipSequence.swift in Sources */,
				416EE14184CE55BCE0DAF64AD364F383 /* Zurry.swift in Sources */,
			);
			runOnlyForDeploymentPostprocessing = 0;
		};
		A1215453A582AA6871B79E466A7F5B4A /* Sources */ = {
			isa = PBXSourcesBuildPhase;
			buildActionMask = 2147483647;
			files = (
				410160D08F01372B322767EEFAD782D8 /* Chain.swift in Sources */,
				B49F1811C53A22F858874A27B1C5CB4F /* Combining.swift in Sources */,
				1287B9450D4CDE3D1A32A5A01DCBA78B /* Compose.swift in Sources */,
				2573EEFEFDFE02C3D03299F835328A6C /* Concat.swift in Sources */,
				436F0B0ECB9F450C8C0A4BB9CC2B8FE9 /* Curry.swift in Sources */,
				7BC4CE020BAFB8A31C115F4297888268 /* Flip.swift in Sources */,
				080313085695A426F12510BB357A2C65 /* KeyPath.swift in Sources */,
				BC2173C747D7DE695B351EFE60074789 /* Optional.swift in Sources */,
				2BF95A77043702E566D1D0596EDEFB95 /* Pipe.swift in Sources */,
				765767DFF812C3DFB66EB62C49440CD3 /* Result.swift in Sources */,
				A14893BF87AAED7A00A0E77B86CE05E5 /* Sequence.swift in Sources */,
				DD57E0B404D83AAB9825F66B39C056B9 /* Setters.swift in Sources */,
				92F07591B14D93DD393625AC92148CB8 /* Uncurry.swift in Sources */,
				13001C781BA6592970AD06146A75B6DB /* Update.swift in Sources */,
				7361B923155BA57151619BEF50008C8C /* With.swift in Sources */,
				3235441DEEC5CE0DD0796F8D2383B22C /* ZipOptional.swift in Sources */,
				DD8D93314C14A398F568B65004471A47 /* ZipResult.swift in Sources */,
				B18C19D5CD8829AA12F39CEF694AD8F4 /* ZipSequence.swift in Sources */,
				6A49C5899BD6161B859EC918C1B3DB9C /* Zurry.swift in Sources */,
			);
			runOnlyForDeploymentPostprocessing = 0;
		};
		F4BD719358EE952432F3F7F4F033733C /* Sources */ = {
			isa = PBXSourcesBuildPhase;
			buildActionMask = 2147483647;
			files = (
				4E3805061EE63C0E06903677329DBE90 /* ChainTests.swift in Sources */,
				DEF99F3F904897AEC809AA30EDCFFBCE /* ComposeTests.swift in Sources */,
				0642C01F381B66CBB4669D902723BF5F /* ConcatTests.swift in Sources */,
				B41D01CDC2C32AAC7840EC4B352D5B3C /* CurryTests.swift in Sources */,
				56FAECD100E201D6C577196F79FA5F1D /* FlipTests.swift in Sources */,
				61FBAB40E124E2B55B54A7DB6B6753FD /* KeyPathTests.swift in Sources */,
				63EBE085108B0BFB19163A86BE066CAA /* PipeTests.swift in Sources */,
				3DA5A0D52BCEA1D98E60E1B79F7657B7 /* SettersTests.swift in Sources */,
				C6776ECB98BA22E2777FBCF7C3C7AB88 /* UncurryTests.swift in Sources */,
				55CE50EF27C9943D253DF7C2CE197A54 /* WithTests.swift in Sources */,
				EFE7882FF7F88E2DA8D5E81A6D7C47AE /* ZipTests.swift in Sources */,
			);
			runOnlyForDeploymentPostprocessing = 0;
		};
/* End PBXSourcesBuildPhase section */

/* Begin PBXTargetDependency section */
		2A5A63717E0E2E4526AFAEB1AB603C11 /* PBXTargetDependency */ = {
			isa = PBXTargetDependency;
			target = 1A9D4BE7E3ABBAE4B1CBB723464B111C /* Overture_macOS */;
			targetProxy = 16E695C987BCF60F9CC4824ADF7C8960 /* PBXContainerItemProxy */;
		};
		5EF9E39DF534FE33D8F1D98AC3D3C389 /* PBXTargetDependency */ = {
			isa = PBXTargetDependency;
			target = C986EA57938522DE23E8CA570CCC6C80 /* Overture_iOS */;
			targetProxy = 8E0E558526CE6BE49EDC10CB7DA3FEAB /* PBXContainerItemProxy */;
		};
		8DE762A0542A58654137916C1E96D83E /* PBXTargetDependency */ = {
			isa = PBXTargetDependency;
			target = 8B0FD87BBE58097B4A4B4BB493ACE221 /* Overture_watchOS */;
			targetProxy = ADDD87334EF1836FA6BC16FAAD93CAF4 /* PBXContainerItemProxy */;
		};
		D10C3703E556AF32D4E681221AC63A58 /* PBXTargetDependency */ = {
			isa = PBXTargetDependency;
			target = A5595549A81068462256743E32D7E36D /* Overture_tvOS */;
			targetProxy = 6E05921A049C412B743A4A42E2ED5DFB /* PBXContainerItemProxy */;
		};
/* End PBXTargetDependency section */

/* Begin XCBuildConfiguration section */
		03292967148AFF7F1B88D73A712B7BB2 /* Debug */ = {
			isa = XCBuildConfiguration;
			buildSettings = {
				BUNDLE_LOADER = "$(TEST_HOST)";
				LD_RUNPATH_SEARCH_PATHS = "$(inherited) @executable_path/Frameworks @loader_path/Frameworks";
				PRODUCT_BUNDLE_IDENTIFIER = "co.pointfree.OvertureTests-tvOS";
				PRODUCT_NAME = OvertureTests;
				SDKROOT = appletvos;
				TARGETED_DEVICE_FAMILY = 3;
			};
			name = Debug;
		};
		048832E29A84EEC465CC6D5D2A302817 /* Release */ = {
			isa = XCBuildConfiguration;
			buildSettings = {
				APPLICATION_EXTENSION_API_ONLY = YES;
				CODE_SIGN_IDENTITY = "";
				CURRENT_PROJECT_VERSION = 1;
				DEFINES_MODULE = YES;
				DYLIB_COMPATIBILITY_VERSION = 1;
				DYLIB_CURRENT_VERSION = 1;
				DYLIB_INSTALL_NAME_BASE = "@rpath";
				INFOPLIST_FILE = Info.plist;
				INSTALL_PATH = "$(LOCAL_LIBRARY_DIR)/Frameworks";
				LD_RUNPATH_SEARCH_PATHS = "$(inherited) @executable_path/Frameworks";
				PRODUCT_BUNDLE_IDENTIFIER = "co.pointfree.Overture-iOS";
				PRODUCT_NAME = Overture;
				SDKROOT = iphoneos;
				SKIP_INSTALL = YES;
				TARGETED_DEVICE_FAMILY = "1,2";
				VERSIONING_SYSTEM = "apple-generic";
			};
			name = Release;
		};
		0B75361333C2CA996EFF607879487A8A /* Release */ = {
			isa = XCBuildConfiguration;
			buildSettings = {
				BUNDLE_LOADER = "$(TEST_HOST)";
				LD_RUNPATH_SEARCH_PATHS = "$(inherited) @executable_path/Frameworks @loader_path/Frameworks";
				PRODUCT_BUNDLE_IDENTIFIER = "co.pointfree.OvertureTests-watchOS";
				PRODUCT_NAME = OvertureTests;
				SDKROOT = watchos;
				SKIP_INSTALL = YES;
				TARGETED_DEVICE_FAMILY = 4;
			};
			name = Release;
		};
		0FEB66088DB81EC9F505A094E765AF2E /* Release */ = {
			isa = XCBuildConfiguration;
			buildSettings = {
				APPLICATION_EXTENSION_API_ONLY = YES;
				CODE_SIGN_IDENTITY = "";
				CURRENT_PROJECT_VERSION = 1;
				DEFINES_MODULE = YES;
				DYLIB_COMPATIBILITY_VERSION = 1;
				DYLIB_CURRENT_VERSION = 1;
				DYLIB_INSTALL_NAME_BASE = "@rpath";
				INFOPLIST_FILE = Info.plist;
				INSTALL_PATH = "$(LOCAL_LIBRARY_DIR)/Frameworks";
				LD_RUNPATH_SEARCH_PATHS = "$(inherited) @executable_path/Frameworks";
				PRODUCT_BUNDLE_IDENTIFIER = "co.pointfree.Overture-tvOS";
				PRODUCT_NAME = Overture;
				SDKROOT = appletvos;
				SKIP_INSTALL = YES;
				TARGETED_DEVICE_FAMILY = 3;
				VERSIONING_SYSTEM = "apple-generic";
			};
			name = Release;
		};
		15C9CBAAEDC34EDCF28EC6D328C5C5C4 /* Debug */ = {
			isa = XCBuildConfiguration;
			buildSettings = {
				APPLICATION_EXTENSION_API_ONLY = YES;
				CODE_SIGN_IDENTITY = "";
				CURRENT_PROJECT_VERSION = 1;
				DEFINES_MODULE = YES;
				DYLIB_COMPATIBILITY_VERSION = 1;
				DYLIB_CURRENT_VERSION = 1;
				DYLIB_INSTALL_NAME_BASE = "@rpath";
				INFOPLIST_FILE = Info.plist;
				INSTALL_PATH = "$(LOCAL_LIBRARY_DIR)/Frameworks";
				LD_RUNPATH_SEARCH_PATHS = "$(inherited) @executable_path/Frameworks";
				PRODUCT_BUNDLE_IDENTIFIER = "co.pointfree.Overture-tvOS";
				PRODUCT_NAME = Overture;
				SDKROOT = appletvos;
				SKIP_INSTALL = YES;
				TARGETED_DEVICE_FAMILY = 3;
				VERSIONING_SYSTEM = "apple-generic";
			};
			name = Debug;
		};
		1D880E6EC106303AA3484DCB3086A1FB /* Release */ = {
			isa = XCBuildConfiguration;
			buildSettings = {
				BUNDLE_LOADER = "$(TEST_HOST)";
				LD_RUNPATH_SEARCH_PATHS = "$(inherited) @executable_path/Frameworks @loader_path/Frameworks";
				PRODUCT_BUNDLE_IDENTIFIER = "co.pointfree.OvertureTests-tvOS";
				PRODUCT_NAME = OvertureTests;
				SDKROOT = appletvos;
				TARGETED_DEVICE_FAMILY = 3;
			};
			name = Release;
		};
		261B0C46E735DDE496CB13651A0FA9DA /* Debug */ = {
			isa = XCBuildConfiguration;
			buildSettings = {
				APPLICATION_EXTENSION_API_ONLY = YES;
				CODE_SIGN_IDENTITY = "";
				COMBINE_HIDPI_IMAGES = YES;
				CURRENT_PROJECT_VERSION = 1;
				DEFINES_MODULE = YES;
				DYLIB_COMPATIBILITY_VERSION = 1;
				DYLIB_CURRENT_VERSION = 1;
				DYLIB_INSTALL_NAME_BASE = "@rpath";
				INFOPLIST_FILE = Info.plist;
				INSTALL_PATH = "$(LOCAL_LIBRARY_DIR)/Frameworks";
				LD_RUNPATH_SEARCH_PATHS = "$(inherited) @executable_path/../Frameworks";
				PRODUCT_BUNDLE_IDENTIFIER = "co.pointfree.Overture-macOS";
				PRODUCT_NAME = Overture;
				SDKROOT = macosx;
				SKIP_INSTALL = YES;
				VERSIONING_SYSTEM = "apple-generic";
			};
			name = Debug;
		};
		3963AD8B560B2D06D13967D1436BBCCD /* Release */ = {
			isa = XCBuildConfiguration;
			buildSettings = {
				ALWAYS_SEARCH_USER_PATHS = NO;
				CLANG_ANALYZER_NONNULL = YES;
				CLANG_ANALYZER_NUMBER_OBJECT_CONVERSION = YES_AGGRESSIVE;
				CLANG_CXX_LANGUAGE_STANDARD = "gnu++14";
				CLANG_CXX_LIBRARY = "libc++";
				CLANG_ENABLE_MODULES = YES;
				CLANG_ENABLE_OBJC_ARC = YES;
				CLANG_WARN_BLOCK_CAPTURE_AUTORELEASING = YES;
				CLANG_WARN_BOOL_CONVERSION = YES;
				CLANG_WARN_COMMA = YES;
				CLANG_WARN_CONSTANT_CONVERSION = YES;
				CLANG_WARN_DEPRECATED_OBJC_IMPLEMENTATIONS = YES;
				CLANG_WARN_DIRECT_OBJC_ISA_USAGE = YES_ERROR;
				CLANG_WARN_DOCUMENTATION_COMMENTS = YES;
				CLANG_WARN_EMPTY_BODY = YES;
				CLANG_WARN_ENUM_CONVERSION = YES;
				CLANG_WARN_INFINITE_RECURSION = YES;
				CLANG_WARN_INT_CONVERSION = YES;
				CLANG_WARN_NON_LITERAL_NULL_CONVERSION = YES;
				CLANG_WARN_OBJC_IMPLICIT_RETAIN_SELF = YES;
				CLANG_WARN_OBJC_LITERAL_CONVERSION = YES;
				CLANG_WARN_OBJC_ROOT_CLASS = YES_ERROR;
				CLANG_WARN_RANGE_LOOP_ANALYSIS = YES;
				CLANG_WARN_STRICT_PROTOTYPES = YES;
				CLANG_WARN_SUSPICIOUS_MOVE = YES;
				CLANG_WARN_UNGUARDED_AVAILABILITY = YES_AGGRESSIVE;
				CLANG_WARN_UNREACHABLE_CODE = YES;
				CLANG_WARN__DUPLICATE_METHOD_MATCH = YES;
				COPY_PHASE_STRIP = NO;
				DEBUG_INFORMATION_FORMAT = "dwarf-with-dsym";
				ENABLE_NS_ASSERTIONS = NO;
				ENABLE_STRICT_OBJC_MSGSEND = YES;
				GCC_C_LANGUAGE_STANDARD = gnu11;
				GCC_NO_COMMON_BLOCKS = YES;
				GCC_WARN_64_TO_32_BIT_CONVERSION = YES;
				GCC_WARN_ABOUT_RETURN_TYPE = YES_ERROR;
				GCC_WARN_UNDECLARED_SELECTOR = YES;
				GCC_WARN_UNINITIALIZED_AUTOS = YES_AGGRESSIVE;
				GCC_WARN_UNUSED_FUNCTION = YES;
				GCC_WARN_UNUSED_VARIABLE = YES;
				IPHONEOS_DEPLOYMENT_TARGET = 8.0;
				MACOSX_DEPLOYMENT_TARGET = 10.9;
				PRODUCT_NAME = "$(TARGET_NAME)";
				SWIFT_COMPILATION_MODE = wholemodule;
				SWIFT_VERSION = 5.0;
				TVOS_DEPLOYMENT_TARGET = 9.0;
				VALIDATE_PRODUCT = YES;
				WATCHOS_DEPLOYMENT_TARGET = 2.0;
			};
			name = Release;
		};
		50D6D05CAE99B59CD58B609DE8D29EA2 /* Debug */ = {
			isa = XCBuildConfiguration;
			buildSettings = {
				ALWAYS_SEARCH_USER_PATHS = NO;
				CLANG_ANALYZER_NONNULL = YES;
				CLANG_ANALYZER_NUMBER_OBJECT_CONVERSION = YES_AGGRESSIVE;
				CLANG_CXX_LANGUAGE_STANDARD = "gnu++14";
				CLANG_CXX_LIBRARY = "libc++";
				CLANG_ENABLE_MODULES = YES;
				CLANG_ENABLE_OBJC_ARC = YES;
				CLANG_WARN_BLOCK_CAPTURE_AUTORELEASING = YES;
				CLANG_WARN_BOOL_CONVERSION = YES;
				CLANG_WARN_COMMA = YES;
				CLANG_WARN_CONSTANT_CONVERSION = YES;
				CLANG_WARN_DEPRECATED_OBJC_IMPLEMENTATIONS = YES;
				CLANG_WARN_DIRECT_OBJC_ISA_USAGE = YES_ERROR;
				CLANG_WARN_DOCUMENTATION_COMMENTS = YES;
				CLANG_WARN_EMPTY_BODY = YES;
				CLANG_WARN_ENUM_CONVERSION = YES;
				CLANG_WARN_INFINITE_RECURSION = YES;
				CLANG_WARN_INT_CONVERSION = YES;
				CLANG_WARN_NON_LITERAL_NULL_CONVERSION = YES;
				CLANG_WARN_OBJC_IMPLICIT_RETAIN_SELF = YES;
				CLANG_WARN_OBJC_LITERAL_CONVERSION = YES;
				CLANG_WARN_OBJC_ROOT_CLASS = YES_ERROR;
				CLANG_WARN_RANGE_LOOP_ANALYSIS = YES;
				CLANG_WARN_STRICT_PROTOTYPES = YES;
				CLANG_WARN_SUSPICIOUS_MOVE = YES;
				CLANG_WARN_UNGUARDED_AVAILABILITY = YES_AGGRESSIVE;
				CLANG_WARN_UNREACHABLE_CODE = YES;
				CLANG_WARN__DUPLICATE_METHOD_MATCH = YES;
				COPY_PHASE_STRIP = NO;
				DEBUG_INFORMATION_FORMAT = dwarf;
				ENABLE_STRICT_OBJC_MSGSEND = YES;
				ENABLE_TESTABILITY = YES;
				GCC_C_LANGUAGE_STANDARD = gnu11;
				GCC_DYNAMIC_NO_PIC = NO;
				GCC_NO_COMMON_BLOCKS = YES;
				GCC_OPTIMIZATION_LEVEL = 0;
				GCC_PREPROCESSOR_DEFINITIONS = (
					"$(inherited)",
					"DEBUG=1",
				);
				GCC_WARN_64_TO_32_BIT_CONVERSION = YES;
				GCC_WARN_ABOUT_RETURN_TYPE = YES_ERROR;
				GCC_WARN_UNDECLARED_SELECTOR = YES;
				GCC_WARN_UNINITIALIZED_AUTOS = YES_AGGRESSIVE;
				GCC_WARN_UNUSED_FUNCTION = YES;
				GCC_WARN_UNUSED_VARIABLE = YES;
				IPHONEOS_DEPLOYMENT_TARGET = 8.0;
				MACOSX_DEPLOYMENT_TARGET = 10.9;
				MTL_ENABLE_DEBUG_INFO = YES;
				ONLY_ACTIVE_ARCH = YES;
				PRODUCT_NAME = "$(TARGET_NAME)";
				SWIFT_ACTIVE_COMPILATION_CONDITIONS = DEBUG;
				SWIFT_OPTIMIZATION_LEVEL = "-Onone";
				SWIFT_VERSION = 5.0;
				TVOS_DEPLOYMENT_TARGET = 9.0;
				WATCHOS_DEPLOYMENT_TARGET = 2.0;
			};
			name = Debug;
		};
		5637C74491CF65E32AA774041757F617 /* Release */ = {
			isa = XCBuildConfiguration;
			buildSettings = {
				BUNDLE_LOADER = "$(TEST_HOST)";
				LD_RUNPATH_SEARCH_PATHS = "$(inherited) @executable_path/Frameworks @loader_path/Frameworks";
				PRODUCT_BUNDLE_IDENTIFIER = "co.pointfree.OvertureTests-iOS";
				PRODUCT_NAME = OvertureTests;
				SDKROOT = iphoneos;
				TARGETED_DEVICE_FAMILY = "1,2";
			};
			name = Release;
		};
		65E80FEF4E6E3D38D15B44B049046B0A /* Debug */ = {
			isa = XCBuildConfiguration;
			buildSettings = {
				APPLICATION_EXTENSION_API_ONLY = YES;
				CODE_SIGN_IDENTITY = "";
				CURRENT_PROJECT_VERSION = 1;
				DEFINES_MODULE = YES;
				DYLIB_COMPATIBILITY_VERSION = 1;
				DYLIB_CURRENT_VERSION = 1;
				DYLIB_INSTALL_NAME_BASE = "@rpath";
				INFOPLIST_FILE = Info.plist;
				INSTALL_PATH = "$(LOCAL_LIBRARY_DIR)/Frameworks";
				LD_RUNPATH_SEARCH_PATHS = "$(inherited) @executable_path/Frameworks";
				PRODUCT_BUNDLE_IDENTIFIER = "co.pointfree.Overture-iOS";
				PRODUCT_NAME = Overture;
				SDKROOT = iphoneos;
				SKIP_INSTALL = YES;
				TARGETED_DEVICE_FAMILY = "1,2";
				VERSIONING_SYSTEM = "apple-generic";
			};
			name = Debug;
		};
		91119690EC192B80F6E82A0BE11E6C50 /* Debug */ = {
			isa = XCBuildConfiguration;
			buildSettings = {
				BUNDLE_LOADER = "$(TEST_HOST)";
				COMBINE_HIDPI_IMAGES = YES;
				LD_RUNPATH_SEARCH_PATHS = "$(inherited) @executable_path/../Frameworks @loader_path/../Frameworks";
				PRODUCT_BUNDLE_IDENTIFIER = "co.pointfree.OvertureTests-macOS";
				PRODUCT_NAME = OvertureTests;
				SDKROOT = macosx;
			};
			name = Debug;
		};
		AF93532D6D75E770499CC3DAE01A0FAF /* Release */ = {
			isa = XCBuildConfiguration;
			buildSettings = {
				BUNDLE_LOADER = "$(TEST_HOST)";
				COMBINE_HIDPI_IMAGES = YES;
				LD_RUNPATH_SEARCH_PATHS = "$(inherited) @executable_path/../Frameworks @loader_path/../Frameworks";
				PRODUCT_BUNDLE_IDENTIFIER = "co.pointfree.OvertureTests-macOS";
				PRODUCT_NAME = OvertureTests;
				SDKROOT = macosx;
			};
			name = Release;
		};
		B25120F679C07B0B06436D552318010C /* Release */ = {
			isa = XCBuildConfiguration;
			buildSettings = {
				APPLICATION_EXTENSION_API_ONLY = YES;
				CODE_SIGN_IDENTITY = "";
				COMBINE_HIDPI_IMAGES = YES;
				CURRENT_PROJECT_VERSION = 1;
				DEFINES_MODULE = YES;
				DYLIB_COMPATIBILITY_VERSION = 1;
				DYLIB_CURRENT_VERSION = 1;
				DYLIB_INSTALL_NAME_BASE = "@rpath";
				INFOPLIST_FILE = Info.plist;
				INSTALL_PATH = "$(LOCAL_LIBRARY_DIR)/Frameworks";
				LD_RUNPATH_SEARCH_PATHS = "$(inherited) @executable_path/../Frameworks";
				PRODUCT_BUNDLE_IDENTIFIER = "co.pointfree.Overture-macOS";
				PRODUCT_NAME = Overture;
				SDKROOT = macosx;
				SKIP_INSTALL = YES;
				VERSIONING_SYSTEM = "apple-generic";
			};
			name = Release;
		};
		B2E5B01B5AF07E0E0BE16344CC2BA405 /* Debug */ = {
			isa = XCBuildConfiguration;
			buildSettings = {
				BUNDLE_LOADER = "$(TEST_HOST)";
				LD_RUNPATH_SEARCH_PATHS = "$(inherited) @executable_path/Frameworks @loader_path/Frameworks";
				PRODUCT_BUNDLE_IDENTIFIER = "co.pointfree.OvertureTests-watchOS";
				PRODUCT_NAME = OvertureTests;
				SDKROOT = watchos;
				SKIP_INSTALL = YES;
				TARGETED_DEVICE_FAMILY = 4;
			};
			name = Debug;
		};
		B496ED7EDD817E95B49B7B7E2D5ADF96 /* Debug */ = {
			isa = XCBuildConfiguration;
			buildSettings = {
				APPLICATION_EXTENSION_API_ONLY = YES;
				CODE_SIGN_IDENTITY = "";
				CURRENT_PROJECT_VERSION = 1;
				DEFINES_MODULE = YES;
				DYLIB_COMPATIBILITY_VERSION = 1;
				DYLIB_CURRENT_VERSION = 1;
				DYLIB_INSTALL_NAME_BASE = "@rpath";
				INFOPLIST_FILE = Info.plist;
				INSTALL_PATH = "$(LOCAL_LIBRARY_DIR)/Frameworks";
				PRODUCT_BUNDLE_IDENTIFIER = "co.pointfree.Overture-watchOS";
				PRODUCT_NAME = Overture;
				SDKROOT = watchos;
				SKIP_INSTALL = YES;
				TARGETED_DEVICE_FAMILY = 4;
				VERSIONING_SYSTEM = "apple-generic";
			};
			name = Debug;
		};
		BE07BA3211DE82ECB1A0EA362FF1C199 /* Release */ = {
			isa = XCBuildConfiguration;
			buildSettings = {
				APPLICATION_EXTENSION_API_ONLY = YES;
				CODE_SIGN_IDENTITY = "";
				CURRENT_PROJECT_VERSION = 1;
				DEFINES_MODULE = YES;
				DYLIB_COMPATIBILITY_VERSION = 1;
				DYLIB_CURRENT_VERSION = 1;
				DYLIB_INSTALL_NAME_BASE = "@rpath";
				INFOPLIST_FILE = Info.plist;
				INSTALL_PATH = "$(LOCAL_LIBRARY_DIR)/Frameworks";
				PRODUCT_BUNDLE_IDENTIFIER = "co.pointfree.Overture-watchOS";
				PRODUCT_NAME = Overture;
				SDKROOT = watchos;
				SKIP_INSTALL = YES;
				TARGETED_DEVICE_FAMILY = 4;
				VERSIONING_SYSTEM = "apple-generic";
			};
			name = Release;
		};
		DB79CDB0C13BF049EA21166A6DAFFC72 /* Debug */ = {
			isa = XCBuildConfiguration;
			buildSettings = {
				BUNDLE_LOADER = "$(TEST_HOST)";
				LD_RUNPATH_SEARCH_PATHS = "$(inherited) @executable_path/Frameworks @loader_path/Frameworks";
				PRODUCT_BUNDLE_IDENTIFIER = "co.pointfree.OvertureTests-iOS";
				PRODUCT_NAME = OvertureTests;
				SDKROOT = iphoneos;
				TARGETED_DEVICE_FAMILY = "1,2";
			};
			name = Debug;
		};
/* End XCBuildConfiguration section */

/* Begin XCConfigurationList section */
		0826501B91346ADADC132B17E5D01A8A /* Build configuration list for PBXNativeTarget "OvertureTests_watchOS" */ = {
			isa = XCConfigurationList;
			buildConfigurations = (
				B2E5B01B5AF07E0E0BE16344CC2BA405 /* Debug */,
				0B75361333C2CA996EFF607879487A8A /* Release */,
			);
			defaultConfigurationIsVisible = 0;
			defaultConfigurationName = "";
		};
		0CDD93C9618F0FB41BFE8E5A72C9D5DD /* Build configuration list for PBXNativeTarget "Overture_macOS" */ = {
			isa = XCConfigurationList;
			buildConfigurations = (
				261B0C46E735DDE496CB13651A0FA9DA /* Debug */,
				B25120F679C07B0B06436D552318010C /* Release */,
			);
			defaultConfigurationIsVisible = 0;
			defaultConfigurationName = "";
		};
		171ACD075E6A431BEACF30FA042FE88E /* Build configuration list for PBXNativeTarget "OvertureTests_tvOS" */ = {
			isa = XCConfigurationList;
			buildConfigurations = (
				03292967148AFF7F1B88D73A712B7BB2 /* Debug */,
				1D880E6EC106303AA3484DCB3086A1FB /* Release */,
			);
			defaultConfigurationIsVisible = 0;
			defaultConfigurationName = "";
		};
		6F912E56FCB034C42D490B5760A9DAC7 /* Build configuration list for PBXNativeTarget "Overture_iOS" */ = {
			isa = XCConfigurationList;
			buildConfigurations = (
				65E80FEF4E6E3D38D15B44B049046B0A /* Debug */,
				048832E29A84EEC465CC6D5D2A302817 /* Release */,
			);
			defaultConfigurationIsVisible = 0;
			defaultConfigurationName = "";
		};
		80546AE3835D64741E5D7002F26ED766 /* Build configuration list for PBXNativeTarget "OvertureTests_iOS" */ = {
			isa = XCConfigurationList;
			buildConfigurations = (
				DB79CDB0C13BF049EA21166A6DAFFC72 /* Debug */,
				5637C74491CF65E32AA774041757F617 /* Release */,
			);
			defaultConfigurationIsVisible = 0;
			defaultConfigurationName = "";
		};
		B6034B7F1C24F43BE4637C8B2CB15F8A /* Build configuration list for PBXProject "Overture" */ = {
			isa = XCConfigurationList;
			buildConfigurations = (
				50D6D05CAE99B59CD58B609DE8D29EA2 /* Debug */,
				3963AD8B560B2D06D13967D1436BBCCD /* Release */,
			);
			defaultConfigurationIsVisible = 0;
			defaultConfigurationName = Debug;
		};
		CB767728D6D743FBB5C64476E378D172 /* Build configuration list for PBXNativeTarget "Overture_tvOS" */ = {
			isa = XCConfigurationList;
			buildConfigurations = (
				15C9CBAAEDC34EDCF28EC6D328C5C5C4 /* Debug */,
				0FEB66088DB81EC9F505A094E765AF2E /* Release */,
			);
			defaultConfigurationIsVisible = 0;
			defaultConfigurationName = "";
		};
		CCB3D84E8FD548CB3885803FD29E4034 /* Build configuration list for PBXNativeTarget "Overture_watchOS" */ = {
			isa = XCConfigurationList;
			buildConfigurations = (
				B496ED7EDD817E95B49B7B7E2D5ADF96 /* Debug */,
				BE07BA3211DE82ECB1A0EA362FF1C199 /* Release */,
			);
			defaultConfigurationIsVisible = 0;
			defaultConfigurationName = "";
		};
		FB38119FB15C074AB33D550D12AE6725 /* Build configuration list for PBXNativeTarget "OvertureTests_macOS" */ = {
			isa = XCConfigurationList;
			buildConfigurations = (
				91119690EC192B80F6E82A0BE11E6C50 /* Debug */,
				AF93532D6D75E770499CC3DAE01A0FAF /* Release */,
			);
			defaultConfigurationIsVisible = 0;
			defaultConfigurationName = "";
		};
/* End XCConfigurationList section */
	};
	rootObject = BCA18CFE588C3661CD98276FEAFD2ABF /* Project object */;
}
